
Microsoft Visual Studio Solution File, Format Version 12.00
# Visual Studio 2015
Project("{FAE04EC0-301F-11D3-BF4B-00C04F79EFBC}") = "ARnold_final", "ARnold_final.csproj", "{F2379D5A-FB52-CB35-638A-5D6E7A4D3DA1}"
EndProject
Project("{FAE04EC0-301F-11D3-BF4B-00C04F79EFBC}") = "ARnold_final.Editor", "ARnold_final.Editor.csproj", "{7890AF72-3C1A-91A4-8310-7D6B9FC2265C}"
EndProject
Global
	GlobalSection(SolutionConfigurationPlatforms) = preSolution
		Debug|Any CPU = Debug|Any CPU
		Release|Any CPU = Release|Any CPU
	EndGlobalSection
	GlobalSection(ProjectConfigurationPlatforms) = postSolution
		{F2379D5A-FB52-CB35-638A-5D6E7A4D3DA1}.Debug|Any CPU.ActiveCfg = Debug|Any CPU
		{F2379D5A-FB52-CB35-638A-5D6E7A4D3DA1}.Debug|Any CPU.Build.0 = Debug|Any CPU
		{F2379D5A-FB52-CB35-638A-5D6E7A4D3DA1}.Release|Any CPU.ActiveCfg = Release|Any CPU
		{F2379D5A-FB52-CB35-638A-5D6E7A4D3DA1}.Release|Any CPU.Build.0 = Release|Any CPU
		{7890AF72-3C1A-91A4-8310-7D6B9FC2265C}.Debug|Any CPU.ActiveCfg = Debug|Any CPU
		{7890AF72-3C1A-91A4-8310-7D6B9FC2265C}.Debug|Any CPU.Build.0 = Debug|Any CPU
		{7890AF72-3C1A-91A4-8310-7D6B9FC2265C}.Release|Any CPU.ActiveCfg = Release|Any CPU
		{7890AF72-3C1A-91A4-8310-7D6B9FC2265C}.Release|Any CPU.Build.0 = Release|Any CPU
	EndGlobalSection
	GlobalSection(SolutionProperties) = preSolution
		HideSolutionNode = FALSE
	EndGlobalSection
EndGlobal
